// !$*UTF8*$!
{
	archiveVersion = 1;
	classes = {
	};
	objectVersion = 56;
	objects = {

/* Begin PBXBuildFile section */
		653A5C112BED80D50000F166 /* ParcelApp.swift in Sources */ = {isa = PBXBuildFile; fileRef = 653A5C102BED80D50000F166 /* ParcelApp.swift */; };
		653A5C132BED80D50000F166 /* ContentView.swift in Sources */ = {isa = PBXBuildFile; fileRef = 653A5C122BED80D50000F166 /* ContentView.swift */; };
		653A5C152BED80D60000F166 /* Assets.xcassets in Resources */ = {isa = PBXBuildFile; fileRef = 653A5C142BED80D60000F166 /* Assets.xcassets */; };
		653A5C182BED80D60000F166 /* Preview Assets.xcassets in Resources */ = {isa = PBXBuildFile; fileRef = 653A5C172BED80D60000F166 /* Preview Assets.xcassets */; };
		653A5C202BED816B0000F166 /* AddProjectForm.swift in Sources */ = {isa = PBXBuildFile; fileRef = 653A5C1F2BED816B0000F166 /* AddProjectForm.swift */; };
		653A5C222BED819B0000F166 /* AddSongForm.swift in Sources */ = {isa = PBXBuildFile; fileRef = 653A5C212BED819B0000F166 /* AddSongForm.swift */; };
		653A5C242BED82510000F166 /* Project.swift in Sources */ = {isa = PBXBuildFile; fileRef = 653A5C232BED82510000F166 /* Project.swift */; };
		653A5C262BED827C0000F166 /* Song.swift in Sources */ = {isa = PBXBuildFile; fileRef = 653A5C252BED827C0000F166 /* Song.swift */; };
		653A5C282BED83210000F166 /* DashboardView.swift in Sources */ = {isa = PBXBuildFile; fileRef = 653A5C272BED83210000F166 /* DashboardView.swift */; };
		653A5C2A2BED834A0000F166 /* StartUpPage.swift in Sources */ = {isa = PBXBuildFile; fileRef = 653A5C292BED834A0000F166 /* StartUpPage.swift */; };
		653A5C2C2BED83750000F166 /* SongView.swift in Sources */ = {isa = PBXBuildFile; fileRef = 653A5C2B2BED83750000F166 /* SongView.swift */; };
		653A5C2E2BED83B90000F166 /* Item.swift in Sources */ = {isa = PBXBuildFile; fileRef = 653A5C2D2BED83B90000F166 /* Item.swift */; };
		65B17D962BFFC6A00055B0E2 /* ProjectViewModel.swift in Sources */ = {isa = PBXBuildFile; fileRef = 65B17D952BFFC6A00055B0E2 /* ProjectViewModel.swift */; };
		65F7EAF02C25599A000D0FA9 /* ProjectSettings.swift in Sources */ = {isa = PBXBuildFile; fileRef = 65F7EAEF2C25599A000D0FA9 /* ProjectSettings.swift */; };
/* End PBXBuildFile section */

/* Begin PBXFileReference section */
		653A5C0D2BED80D50000F166 /* Parcel.app */ = {isa = PBXFileReference; explicitFileType = wrapper.application; includeInIndex = 0; path = Parcel.app; sourceTree = BUILT_PRODUCTS_DIR; };
		653A5C102BED80D50000F166 /* ParcelApp.swift */ = {isa = PBXFileReference; lastKnownFileType = sourcecode.swift; path = ParcelApp.swift; sourceTree = "<group>"; };
		653A5C122BED80D50000F166 /* ContentView.swift */ = {isa = PBXFileReference; lastKnownFileType = sourcecode.swift; path = ContentView.swift; sourceTree = "<group>"; };
		653A5C142BED80D60000F166 /* Assets.xcassets */ = {isa = PBXFileReference; lastKnownFileType = folder.assetcatalog; path = Assets.xcassets; sourceTree = "<group>"; };
		653A5C172BED80D60000F166 /* Preview Assets.xcassets */ = {isa = PBXFileReference; lastKnownFileType = folder.assetcatalog; path = "Preview Assets.xcassets"; sourceTree = "<group>"; };
		653A5C192BED80D60000F166 /* Parcel.entitlements */ = {isa = PBXFileReference; lastKnownFileType = text.plist.entitlements; path = Parcel.entitlements; sourceTree = "<group>"; };
		653A5C1F2BED816B0000F166 /* AddProjectForm.swift */ = {isa = PBXFileReference; lastKnownFileType = sourcecode.swift; path = AddProjectForm.swift; sourceTree = "<group>"; };
		653A5C212BED819B0000F166 /* AddSongForm.swift */ = {isa = PBXFileReference; lastKnownFileType = sourcecode.swift; path = AddSongForm.swift; sourceTree = "<group>"; };
		653A5C232BED82510000F166 /* Project.swift */ = {isa = PBXFileReference; lastKnownFileType = sourcecode.swift; path = Project.swift; sourceTree = "<group>"; };
		653A5C252BED827C0000F166 /* Song.swift */ = {isa = PBXFileReference; lastKnownFileType = sourcecode.swift; path = Song.swift; sourceTree = "<group>"; };
		653A5C272BED83210000F166 /* DashboardView.swift */ = {isa = PBXFileReference; lastKnownFileType = sourcecode.swift; path = DashboardView.swift; sourceTree = "<group>"; };
		653A5C292BED834A0000F166 /* StartUpPage.swift */ = {isa = PBXFileReference; lastKnownFileType = sourcecode.swift; path = StartUpPage.swift; sourceTree = "<group>"; };
		653A5C2B2BED83750000F166 /* SongView.swift */ = {isa = PBXFileReference; lastKnownFileType = sourcecode.swift; path = SongView.swift; sourceTree = "<group>"; };
		653A5C2D2BED83B90000F166 /* Item.swift */ = {isa = PBXFileReference; lastKnownFileType = sourcecode.swift; path = Item.swift; sourceTree = "<group>"; };
		65B17D952BFFC6A00055B0E2 /* ProjectViewModel.swift */ = {isa = PBXFileReference; lastKnownFileType = sourcecode.swift; path = ProjectViewModel.swift; sourceTree = "<group>"; };
		65F7EAEF2C25599A000D0FA9 /* ProjectSettings.swift */ = {isa = PBXFileReference; lastKnownFileType = sourcecode.swift; path = ProjectSettings.swift; sourceTree = "<group>"; };
/* End PBXFileReference section */

/* Begin PBXFrameworksBuildPhase section */
		653A5C0A2BED80D50000F166 /* Frameworks */ = {
			isa = PBXFrameworksBuildPhase;
			buildActionMask = 2147483647;
			files = (
			);
			runOnlyForDeploymentPostprocessing = 0;
		};
/* End PBXFrameworksBuildPhase section */

/* Begin PBXGroup section */
		653A5C042BED80D50000F166 = {
			isa = PBXGroup;
			children = (
				653A5C0F2BED80D50000F166 /* Parcel */,
				653A5C0E2BED80D50000F166 /* Products */,
			);
			sourceTree = "<group>";
		};
		653A5C0E2BED80D50000F166 /* Products */ = {
			isa = PBXGroup;
			children = (
				653A5C0D2BED80D50000F166 /* Parcel.app */,
			);
			name = Products;
			sourceTree = "<group>";
		};
		653A5C0F2BED80D50000F166 /* Parcel */ = {
			isa = PBXGroup;
			children = (
				655EB7852BF431A700615871 /* Models */,
				653A5C292BED834A0000F166 /* StartUpPage.swift */,
				653A5C162BED80D60000F166 /* Preview Content */,
				65B17D952BFFC6A00055B0E2 /* ProjectViewModel.swift */,
				653A5C102BED80D50000F166 /* ParcelApp.swift */,
				653A5C122BED80D50000F166 /* ContentView.swift */,
				653A5C1F2BED816B0000F166 /* AddProjectForm.swift */,
				653A5C212BED819B0000F166 /* AddSongForm.swift */,
				653A5C272BED83210000F166 /* DashboardView.swift */,
				65F7EAEF2C25599A000D0FA9 /* ProjectSettings.swift */,
				653A5C2B2BED83750000F166 /* SongView.swift */,
				653A5C192BED80D60000F166 /* Parcel.entitlements */,
				653A5C142BED80D60000F166 /* Assets.xcassets */,
			);
			path = Parcel;
			sourceTree = "<group>";
		};
		653A5C162BED80D60000F166 /* Preview Content */ = {
			isa = PBXGroup;
			children = (
				653A5C172BED80D60000F166 /* Preview Assets.xcassets */,
			);
			path = "Preview Content";
			sourceTree = "<group>";
		};
		655EB7852BF431A700615871 /* Models */ = {
			isa = PBXGroup;
			children = (
				653A5C252BED827C0000F166 /* Song.swift */,
				653A5C232BED82510000F166 /* Project.swift */,
				653A5C2D2BED83B90000F166 /* Item.swift */,
			);
			path = Models;
			sourceTree = "<group>";
		};
/* End PBXGroup section */

/* Begin PBXNativeTarget section */
		653A5C0C2BED80D50000F166 /* Parcel */ = {
			isa = PBXNativeTarget;
			buildConfigurationList = 653A5C1C2BED80D60000F166 /* Build configuration list for PBXNativeTarget "Parcel" */;
			buildPhases = (
				653A5C092BED80D50000F166 /* Sources */,
				653A5C0A2BED80D50000F166 /* Frameworks */,
				653A5C0B2BED80D50000F166 /* Resources */,
			);
			buildRules = (
			);
			dependencies = (
			);
			name = Parcel;
			productName = Parcel;
			productReference = 653A5C0D2BED80D50000F166 /* Parcel.app */;
			productType = "com.apple.product-type.application";
		};
/* End PBXNativeTarget section */

/* Begin PBXProject section */
		653A5C052BED80D50000F166 /* Project object */ = {
			isa = PBXProject;
			attributes = {
				BuildIndependentTargetsInParallel = 1;
				LastSwiftUpdateCheck = 1530;
				LastUpgradeCheck = 1530;
				TargetAttributes = {
					653A5C0C2BED80D50000F166 = {
						CreatedOnToolsVersion = 15.3;
					};
				};
			};
			buildConfigurationList = 653A5C082BED80D50000F166 /* Build configuration list for PBXProject "Parcel" */;
			compatibilityVersion = "Xcode 14.0";
			developmentRegion = en;
			hasScannedForEncodings = 0;
			knownRegions = (
				en,
				Base,
			);
			mainGroup = 653A5C042BED80D50000F166;
			productRefGroup = 653A5C0E2BED80D50000F166 /* Products */;
			projectDirPath = "";
			projectRoot = "";
			targets = (
				653A5C0C2BED80D50000F166 /* Parcel */,
			);
		};
/* End PBXProject section */

/* Begin PBXResourcesBuildPhase section */
		653A5C0B2BED80D50000F166 /* Resources */ = {
			isa = PBXResourcesBuildPhase;
			buildActionMask = 2147483647;
			files = (
				653A5C182BED80D60000F166 /* Preview Assets.xcassets in Resources */,
				653A5C152BED80D60000F166 /* Assets.xcassets in Resources */,
			);
			runOnlyForDeploymentPostprocessing = 0;
		};
/* End PBXResourcesBuildPhase section */

/* Begin PBXSourcesBuildPhase section */
		653A5C092BED80D50000F166 /* Sources */ = {
			isa = PBXSourcesBuildPhase;
			buildActionMask = 2147483647;
			files = (
				65F7EAF02C25599A000D0FA9 /* ProjectSettings.swift in Sources */,
				653A5C2E2BED83B90000F166 /* Item.swift in Sources */,
				653A5C2C2BED83750000F166 /* SongView.swift in Sources */,
				653A5C262BED827C0000F166 /* Song.swift in Sources */,
				653A5C222BED819B0000F166 /* AddSongForm.swift in Sources */,
				653A5C132BED80D50000F166 /* ContentView.swift in Sources */,
				653A5C282BED83210000F166 /* DashboardView.swift in Sources */,
				653A5C2A2BED834A0000F166 /* StartUpPage.swift in Sources */,
				653A5C202BED816B0000F166 /* AddProjectForm.swift in Sources */,
				653A5C242BED82510000F166 /* Project.swift in Sources */,
				653A5C112BED80D50000F166 /* ParcelApp.swift in Sources */,
				65B17D962BFFC6A00055B0E2 /* ProjectViewModel.swift in Sources */,
			);
			runOnlyForDeploymentPostprocessing = 0;
		};
/* End PBXSourcesBuildPhase section */

/* Begin XCBuildConfiguration section */
		653A5C1A2BED80D60000F166 /* Debug */ = {
			isa = XCBuildConfiguration;
			buildSettings = {
				ALWAYS_SEARCH_USER_PATHS = NO;
				ASSETCATALOG_COMPILER_GENERATE_SWIFT_ASSET_SYMBOL_EXTENSIONS = YES;
				CLANG_ANALYZER_NONNULL = YES;
				CLANG_ANALYZER_NUMBER_OBJECT_CONVERSION = YES_AGGRESSIVE;
				CLANG_CXX_LANGUAGE_STANDARD = "gnu++20";
				CLANG_ENABLE_MODULES = YES;
				CLANG_ENABLE_OBJC_ARC = YES;
				CLANG_ENABLE_OBJC_WEAK = YES;
				CLANG_WARN_BLOCK_CAPTURE_AUTORELEASING = YES;
				CLANG_WARN_BOOL_CONVERSION = YES;
				CLANG_WARN_COMMA = YES;
				CLANG_WARN_CONSTANT_CONVERSION = YES;
				CLANG_WARN_DEPRECATED_OBJC_IMPLEMENTATIONS = YES;
				CLANG_WARN_DIRECT_OBJC_ISA_USAGE = YES_ERROR;
				CLANG_WARN_DOCUMENTATION_COMMENTS = YES;
				CLANG_WARN_EMPTY_BODY = YES;
				CLANG_WARN_ENUM_CONVERSION = YES;
				CLANG_WARN_INFINITE_RECURSION = YES;
				CLANG_WARN_INT_CONVERSION = YES;
				CLANG_WARN_NON_LITERAL_NULL_CONVERSION = YES;
				CLANG_WARN_OBJC_IMPLICIT_RETAIN_SELF = YES;
				CLANG_WARN_OBJC_LITERAL_CONVERSION = YES;
				CLANG_WARN_OBJC_ROOT_CLASS = YES_ERROR;
				CLANG_WARN_QUOTED_INCLUDE_IN_FRAMEWORK_HEADER = YES;
				CLANG_WARN_RANGE_LOOP_ANALYSIS = YES;
				CLANG_WARN_STRICT_PROTOTYPES = YES;
				CLANG_WARN_SUSPICIOUS_MOVE = YES;
				CLANG_WARN_UNGUARDED_AVAILABILITY = YES_AGGRESSIVE;
				CLANG_WARN_UNREACHABLE_CODE = YES;
				CLANG_WARN__DUPLICATE_METHOD_MATCH = YES;
				COPY_PHASE_STRIP = NO;
				DEBUG_INFORMATION_FORMAT = dwarf;
				ENABLE_STRICT_OBJC_MSGSEND = YES;
				ENABLE_TESTABILITY = YES;
				ENABLE_USER_SCRIPT_SANDBOXING = YES;
				GCC_C_LANGUAGE_STANDARD = gnu17;
				GCC_DYNAMIC_NO_PIC = NO;
				GCC_NO_COMMON_BLOCKS = YES;
				GCC_OPTIMIZATION_LEVEL = 0;
				GCC_PREPROCESSOR_DEFINITIONS = (
					"DEBUG=1",
					"$(inherited)",
				);
				GCC_WARN_64_TO_32_BIT_CONVERSION = YES;
				GCC_WARN_ABOUT_RETURN_TYPE = YES_ERROR;
				GCC_WARN_UNDECLARED_SELECTOR = YES;
				GCC_WARN_UNINITIALIZED_AUTOS = YES_AGGRESSIVE;
				GCC_WARN_UNUSED_FUNCTION = YES;
				GCC_WARN_UNUSED_VARIABLE = YES;
				LOCALIZATION_PREFERS_STRING_CATALOGS = YES;
				MACOSX_DEPLOYMENT_TARGET = 14.4;
				MTL_ENABLE_DEBUG_INFO = INCLUDE_SOURCE;
				MTL_FAST_MATH = YES;
				ONLY_ACTIVE_ARCH = YES;
				SDKROOT = macosx;
				SWIFT_ACTIVE_COMPILATION_CONDITIONS = "DEBUG $(inherited)";
				SWIFT_OPTIMIZATION_LEVEL = "-Onone";
			};
			name = Debug;
		};
		653A5C1B2BED80D60000F166 /* Release */ = {
			isa = XCBuildConfiguration;
			buildSettings = {
				ALWAYS_SEARCH_USER_PATHS = NO;
				ASSETCATALOG_COMPILER_GENERATE_SWIFT_ASSET_SYMBOL_EXTENSIONS = YES;
				CLANG_ANALYZER_NONNULL = YES;
				CLANG_ANALYZER_NUMBER_OBJECT_CONVERSION = YES_AGGRESSIVE;
				CLANG_CXX_LANGUAGE_STANDARD = "gnu++20";
				CLANG_ENABLE_MODULES = YES;
				CLANG_ENABLE_OBJC_ARC = YES;
				CLANG_ENABLE_OBJC_WEAK = YES;
				CLANG_WARN_BLOCK_CAPTURE_AUTORELEASING = YES;
				CLANG_WARN_BOOL_CONVERSION = YES;
				CLANG_WARN_COMMA = YES;
				CLANG_WARN_CONSTANT_CONVERSION = YES;
				CLANG_WARN_DEPRECATED_OBJC_IMPLEMENTATIONS = YES;
				CLANG_WARN_DIRECT_OBJC_ISA_USAGE = YES_ERROR;
				CLANG_WARN_DOCUMENTATION_COMMENTS = YES;
				CLANG_WARN_EMPTY_BODY = YES;
				CLANG_WARN_ENUM_CONVERSION = YES;
				CLANG_WARN_INFINITE_RECURSION = YES;
				CLANG_WARN_INT_CONVERSION = YES;
				CLANG_WARN_NON_LITERAL_NULL_CONVERSION = YES;
				CLANG_WARN_OBJC_IMPLICIT_RETAIN_SELF = YES;
				CLANG_WARN_OBJC_LITERAL_CONVERSION = YES;
				CLANG_WARN_OBJC_ROOT_CLASS = YES_ERROR;
				CLANG_WARN_QUOTED_INCLUDE_IN_FRAMEWORK_HEADER = YES;
				CLANG_WARN_RANGE_LOOP_ANALYSIS = YES;
				CLANG_WARN_STRICT_PROTOTYPES = YES;
				CLANG_WARN_SUSPICIOUS_MOVE = YES;
				CLANG_WARN_UNGUARDED_AVAILABILITY = YES_AGGRESSIVE;
				CLANG_WARN_UNREACHABLE_CODE = YES;
				CLANG_WARN__DUPLICATE_METHOD_MATCH = YES;
				COPY_PHASE_STRIP = NO;
				DEBUG_INFORMATION_FORMAT = "dwarf-with-dsym";
				ENABLE_NS_ASSERTIONS = NO;
				ENABLE_STRICT_OBJC_MSGSEND = YES;
				ENABLE_USER_SCRIPT_SANDBOXING = YES;
				GCC_C_LANGUAGE_STANDARD = gnu17;
				GCC_NO_COMMON_BLOCKS = YES;
				GCC_WARN_64_TO_32_BIT_CONVERSION = YES;
				GCC_WARN_ABOUT_RETURN_TYPE = YES_ERROR;
				GCC_WARN_UNDECLARED_SELECTOR = YES;
				GCC_WARN_UNINITIALIZED_AUTOS = YES_AGGRESSIVE;
				GCC_WARN_UNUSED_FUNCTION = YES;
				GCC_WARN_UNUSED_VARIABLE = YES;
				LOCALIZATION_PREFERS_STRING_CATALOGS = YES;
				MACOSX_DEPLOYMENT_TARGET = 14.4;
				MTL_ENABLE_DEBUG_INFO = NO;
				MTL_FAST_MATH = YES;
				SDKROOT = macosx;
				SWIFT_COMPILATION_MODE = wholemodule;
			};
			name = Release;
		};
		653A5C1D2BED80D60000F166 /* Debug */ = {
			isa = XCBuildConfiguration;
			buildSettings = {
				ASSETCATALOG_COMPILER_APPICON_NAME = AppIcon;
				ASSETCATALOG_COMPILER_GLOBAL_ACCENT_COLOR_NAME = AccentColor;
				ASSETCATALOG_COMPILER_INCLUDE_ALL_APPICON_ASSETS = NO;
				CODE_SIGN_ENTITLEMENTS = Parcel/Parcel.entitlements;
				"CODE_SIGN_IDENTITY[sdk=macosx*]" = "Apple Development";
				CODE_SIGN_STYLE = Automatic;
				COMBINE_HIDPI_IMAGES = YES;
				CURRENT_PROJECT_VERSION = 1;
				DEVELOPMENT_ASSET_PATHS = "\"Parcel/Preview Content\"";
				DEVELOPMENT_TEAM = J722DG3N7J;
				ENABLE_HARDENED_RUNTIME = YES;
				ENABLE_PREVIEWS = YES;
				GENERATE_INFOPLIST_FILE = YES;
				INFOPLIST_KEY_LSApplicationCategoryType = "public.app-category.productivity";
				INFOPLIST_KEY_NSHumanReadableCopyright = "";
				LD_RUNPATH_SEARCH_PATHS = (
					"$(inherited)",
					"@executable_path/../Frameworks",
				);
				MARKETING_VERSION = 1.0;
				PRODUCT_BUNDLE_IDENTIFIER = com.example.dmoreno.Parcel;
				PRODUCT_NAME = "$(TARGET_NAME)";
				SWIFT_EMIT_LOC_STRINGS = YES;
				SWIFT_VERSION = 5.0;
			};
			name = Debug;
		};
		653A5C1E2BED80D60000F166 /* Release */ = {
			isa = XCBuildConfiguration;
			buildSettings = {
				ASSETCATALOG_COMPILER_APPICON_NAME = AppIcon;
				ASSETCATALOG_COMPILER_GLOBAL_ACCENT_COLOR_NAME = AccentColor;
				ASSETCATALOG_COMPILER_INCLUDE_ALL_APPICON_ASSETS = NO;
				CODE_SIGN_ENTITLEMENTS = Parcel/Parcel.entitlements;
				"CODE_SIGN_IDENTITY[sdk=macosx*]" = "Apple Development";
				CODE_SIGN_STYLE = Automatic;
				COMBINE_HIDPI_IMAGES = YES;
				CURRENT_PROJECT_VERSION = 1;
				DEVELOPMENT_ASSET_PATHS = "\"Parcel/Preview Content\"";
				DEVELOPMENT_TEAM = J722DG3N7J;
				ENABLE_HARDENED_RUNTIME = YES;
				ENABLE_PREVIEWS = YES;
				GENERATE_INFOPLIST_FILE = YES;
				INFOPLIST_KEY_LSApplicationCategoryType = "public.app-category.productivity";
				INFOPLIST_KEY_NSHumanReadableCopyright = "";
				LD_RUNPATH_SEARCH_PATHS = (
					"$(inherited)",
					"@executable_path/../Frameworks",
				);
				MARKETING_VERSION = 1.0;
				PRODUCT_BUNDLE_IDENTIFIER = com.example.dmoreno.Parcel;
				PRODUCT_NAME = "$(TARGET_NAME)";
				SWIFT_EMIT_LOC_STRINGS = YES;
				SWIFT_VERSION = 5.0;
			};
			name = Release;
		};
/* End XCBuildConfiguration section */

/* Begin XCConfigurationList section */
		653A5C082BED80D50000F166 /* Build configuration list for PBXProject "Parcel" */ = {
			isa = XCConfigurationList;
			buildConfigurations = (
				653A5C1A2BED80D60000F166 /* Debug */,
				653A5C1B2BED80D60000F166 /* Release */,
			);
			defaultConfigurationIsVisible = 0;
			defaultConfigurationName = Release;
		};
		653A5C1C2BED80D60000F166 /* Build configuration list for PBXNativeTarget "Parcel" */ = {
			isa = XCConfigurationList;
			buildConfigurations = (
				653A5C1D2BED80D60000F166 /* Debug */,
				653A5C1E2BED80D60000F166 /* Release */,
			);
			defaultConfigurationIsVisible = 0;
			defaultConfigurationName = Release;
		};
/* End XCConfigurationList section */
	};
	rootObject = 653A5C052BED80D50000F166 /* Project object */;
}
